Microsoft Visual Studio Solution File, Format Version 12.00
# Visual Studio 2012
Project("{FAE04EC0-301F-11D3-BF4B-00C04F79EFBC}") = "StockTool", "StockTool\StockTool.csproj", "{6CE4AF56-CA51-4AA1-8BE8-4D9E237EF66F}"
EndProject
Project("{FAE04EC0-301F-11D3-BF4B-00C04F79EFBC}") = "Wpf.Utils", "Wpf.Utils\Wpf.Utils.csproj", "{3D7799AF-A11C-493A-9BAD-2BF78C7771A6}"
EndProject
Global
        GlobalSection(SolutionConfigurationPlatforms) = preSolution
                Debug|Any CPU = Debug|Any CPU
                Release|Any CPU = Release|Any CPU
        EndGlobalSection
        GlobalSection(ProjectConfigurationPlatforms) = postSolution
                {6CE4AF56-CA51-4AA1-8BE8-4D9E237EF66F}.Debug|Any CPU.ActiveCfg = Debug|Any CPU
                {6CE4AF56-CA51-4AA1-8BE8-4D9E237EF66F}.Debug|Any CPU.Build.0 = Debug|Any CPU
                {6CE4AF56-CA51-4AA1-8BE8-4D9E237EF66F}.Release|Any CPU.ActiveCfg = Release|Any CPU
                {6CE4AF56-CA51-4AA1-8BE8-4D9E237EF66F}.Release|Any CPU.Build.0 = Release|Any CPU
                {3D7799AF-A11C-493A-9BAD-2BF78C7771A6}.Debug|Any CPU.ActiveCfg = Debug|Any CPU
                {3D7799AF-A11C-493A-9BAD-2BF78C7771A6}.Debug|Any CPU.Build.0 = Debug|Any CPU
                {3D7799AF-A11C-493A-9BAD-2BF78C7771A6}.Release|Any CPU.ActiveCfg = Release|Any CPU
                {3D7799AF-A11C-493A-9BAD-2BF78C7771A6}.Release|Any CPU.Build.0 = Release|Any CPU
        EndGlobalSection
        GlobalSection(SolutionProperties) = preSolution
                HideSolutionNode = FALSE
        EndGlobalSection
EndGlobal