
Microsoft Visual Studio Solution File, Format Version 12.00
# Visual Studio 2012
Project("{FAE04EC0-301F-11D3-BF4B-00C04F79EFBC}") = "DataCenterSite", "DataCenterSite\DataCenterSite.csproj", "{16CC8C6D-B6E8-4796-BD67-062BC6EAC991}"
EndProject
Project("{FAE04EC0-301F-11D3-BF4B-00C04F79EFBC}") = "DataCenterSiteTests", "DataCenterSiteTests\DataCenterSiteTests.csproj", "{30F913E1-CE66-47EF-BDA3-3D71E7CA5D61}"
EndProject
Global
	GlobalSection(SolutionConfigurationPlatforms) = preSolution
		Debug|Any CPU = Debug|Any CPU
		Release|Any CPU = Release|Any CPU
	EndGlobalSection
	GlobalSection(ProjectConfigurationPlatforms) = postSolution
		{16CC8C6D-B6E8-4796-BD67-062BC6EAC991}.Debug|Any CPU.ActiveCfg = Debug|Any CPU
		{16CC8C6D-B6E8-4796-BD67-062BC6EAC991}.Debug|Any CPU.Build.0 = Debug|Any CPU
		{16CC8C6D-B6E8-4796-BD67-062BC6EAC991}.Release|Any CPU.ActiveCfg = Release|Any CPU
		{16CC8C6D-B6E8-4796-BD67-062BC6EAC991}.Release|Any CPU.Build.0 = Release|Any CPU
		{30F913E1-CE66-47EF-BDA3-3D71E7CA5D61}.Debug|Any CPU.ActiveCfg = Debug|Any CPU
		{30F913E1-CE66-47EF-BDA3-3D71E7CA5D61}.Debug|Any CPU.Build.0 = Debug|Any CPU
		{30F913E1-CE66-47EF-BDA3-3D71E7CA5D61}.Release|Any CPU.ActiveCfg = Release|Any CPU
		{30F913E1-CE66-47EF-BDA3-3D71E7CA5D61}.Release|Any CPU.Build.0 = Release|Any CPU
	EndGlobalSection
	GlobalSection(SolutionProperties) = preSolution
		HideSolutionNode = FALSE
	EndGlobalSection
EndGlobal
