
Microsoft Visual Studio Solution File, Format Version 12.00
# Visual Studio 2012
Project("{FAE04EC0-301F-11D3-BF4B-00C04F79EFBC}") = "ReplaceTool", "ReplaceTool\ReplaceTool.csproj", "{539E3C7D-E2A4-4F07-B008-35D73D6C4634}"
EndProject
Project("{FAE04EC0-301F-11D3-BF4B-00C04F79EFBC}") = "ReplaceTool.Utils", "ReplaceTool.Utils\ReplaceTool.Utils.csproj", "{6C76E903-D438-4335-8A9E-95BD99420F08}"
EndProject
Global
	GlobalSection(SolutionConfigurationPlatforms) = preSolution
		Debug|Any CPU = Debug|Any CPU
		Release|Any CPU = Release|Any CPU
	EndGlobalSection
	GlobalSection(ProjectConfigurationPlatforms) = postSolution
		{539E3C7D-E2A4-4F07-B008-35D73D6C4634}.Debug|Any CPU.ActiveCfg = Debug|Any CPU
		{539E3C7D-E2A4-4F07-B008-35D73D6C4634}.Debug|Any CPU.Build.0 = Debug|Any CPU
		{539E3C7D-E2A4-4F07-B008-35D73D6C4634}.Release|Any CPU.ActiveCfg = Release|Any CPU
		{539E3C7D-E2A4-4F07-B008-35D73D6C4634}.Release|Any CPU.Build.0 = Release|Any CPU
		{6C76E903-D438-4335-8A9E-95BD99420F08}.Debug|Any CPU.ActiveCfg = Debug|Any CPU
		{6C76E903-D438-4335-8A9E-95BD99420F08}.Debug|Any CPU.Build.0 = Debug|Any CPU
		{6C76E903-D438-4335-8A9E-95BD99420F08}.Release|Any CPU.ActiveCfg = Release|Any CPU
		{6C76E903-D438-4335-8A9E-95BD99420F08}.Release|Any CPU.Build.0 = Release|Any CPU
	EndGlobalSection
	GlobalSection(SolutionProperties) = preSolution
		HideSolutionNode = FALSE
	EndGlobalSection
EndGlobal
